
Microsoft Visual Studio Solution File, Format Version 12.00
# Visual Studio Version 16
VisualStudioVersion = 16.0.32413.511
MinimumVisualStudioVersion = 10.0.40219.1
Project("{FAE04EC0-301F-11D3-BF4B-00C04F79EFBC}") = "my-books", "my-books.csproj", "{9ED0339F-7D01-4003-B5B7-BC3766F4ABF6}"
EndProject
Global
	GlobalSection(SolutionConfigurationPlatforms) = preSolution
		Debug|Any CPU = Debug|Any CPU
		Release|Any CPU = Release|Any CPU
	EndGlobalSection
	GlobalSection(ProjectConfigurationPlatforms) = postSolution
		{9ED0339F-7D01-4003-B5B7-BC3766F4ABF6}.Debug|Any CPU.ActiveCfg = Debug|Any CPU
		{9ED0339F-7D01-4003-B5B7-BC3766F4ABF6}.Debug|Any CPU.Build.0 = Debug|Any CPU
		{9ED0339F-7D01-4003-B5B7-BC3766F4ABF6}.Release|Any CPU.ActiveCfg = Release|Any CPU
		{9ED0339F-7D01-4003-B5B7-BC3766F4ABF6}.Release|Any CPU.Build.0 = Release|Any CPU
	EndGlobalSection
	GlobalSection(SolutionProperties) = preSolution
		HideSolutionNode = FALSE
	EndGlobalSection
	GlobalSection(ExtensibilityGlobals) = postSolution
		SolutionGuid = {A89C0185-B72D-4DB6-83F5-489383138573}
	EndGlobalSection
EndGlobal
