
Microsoft Visual Studio Solution File, Format Version 12.00
# Visual Studio Version 16
VisualStudioVersion = 16.0.32413.511
MinimumVisualStudioVersion = 10.0.40219.1
Project("{9A19103F-16F7-4668-BE54-9A1E7A4F7556}") = "my-books-EmployeePortal-API", "my-books-EmployeePortal-API.csproj", "{9ED0339F-7D01-4003-B5B7-BC3766F4ABF6}"
EndProject
Project("{9A19103F-16F7-4668-BE54-9A1E7A4F7556}") = "EmployeePortalMVC", "..\EmployeePortal\EmployeePortalMVC.csproj", "{7470C536-1292-45A0-B4B2-D98D5FD2DE6E}"
	ProjectSection(ProjectDependencies) = postProject
		{9ED0339F-7D01-4003-B5B7-BC3766F4ABF6} = {9ED0339F-7D01-4003-B5B7-BC3766F4ABF6}
	EndProjectSection
EndProject
Global
	GlobalSection(SolutionConfigurationPlatforms) = preSolution
		Debug|Any CPU = Debug|Any CPU
		Release|Any CPU = Release|Any CPU
	EndGlobalSection
	GlobalSection(ProjectConfigurationPlatforms) = postSolution
		{9ED0339F-7D01-4003-B5B7-BC3766F4ABF6}.Debug|Any CPU.ActiveCfg = Debug|Any CPU
		{9ED0339F-7D01-4003-B5B7-BC3766F4ABF6}.Debug|Any CPU.Build.0 = Debug|Any CPU
		{9ED0339F-7D01-4003-B5B7-BC3766F4ABF6}.Release|Any CPU.ActiveCfg = Release|Any CPU
		{9ED0339F-7D01-4003-B5B7-BC3766F4ABF6}.Release|Any CPU.Build.0 = Release|Any CPU
		{7470C536-1292-45A0-B4B2-D98D5FD2DE6E}.Debug|Any CPU.ActiveCfg = Debug|Any CPU
		{7470C536-1292-45A0-B4B2-D98D5FD2DE6E}.Debug|Any CPU.Build.0 = Debug|Any CPU
		{7470C536-1292-45A0-B4B2-D98D5FD2DE6E}.Release|Any CPU.ActiveCfg = Release|Any CPU
		{7470C536-1292-45A0-B4B2-D98D5FD2DE6E}.Release|Any CPU.Build.0 = Release|Any CPU
	EndGlobalSection
	GlobalSection(SolutionProperties) = preSolution
		HideSolutionNode = FALSE
	EndGlobalSection
	GlobalSection(ExtensibilityGlobals) = postSolution
		SolutionGuid = {A89C0185-B72D-4DB6-83F5-489383138573}
	EndGlobalSection
EndGlobal
